
Microsoft Visual Studio Solution File, Format Version 10.00
# Visual C++ Express 2008
Project("{8BC9CEB8-8B4A-11D0-8D11-00A0C91BC942}") = "benchmark-cpp", "benchmark-cpp.vcproj", "{4723F366-6455-42F2-B39C-92F4F5797DC8}"
EndProject
Global
	GlobalSection(SolutionConfigurationPlatforms) = preSolution
		Debug|Win32 = Debug|Win32
		Release|Win32 = Release|Win32
	EndGlobalSection
	GlobalSection(ProjectConfigurationPlatforms) = postSolution
		{4723F366-6455-42F2-B39C-92F4F5797DC8}.Debug|Win32.ActiveCfg = Release|Win32
		{4723F366-6455-42F2-B39C-92F4F5797DC8}.Debug|Win32.Build.0 = Release|Win32
		{4723F366-6455-42F2-B39C-92F4F5797DC8}.Release|Win32.ActiveCfg = Release|Win32
		{4723F366-6455-42F2-B39C-92F4F5797DC8}.Release|Win32.Build.0 = Release|Win32
	EndGlobalSection
	GlobalSection(SolutionProperties) = preSolution
		HideSolutionNode = FALSE
	EndGlobalSection
EndGlobal
